
Microsoft Visual Studio Solution File, Format Version 12.00
Project("{FAE04EC0-301F-11D3-BF4B-00C04F79EFBC}") = "VeterinaryCampaign", "VeterinaryCampaign\VeterinaryCampaign.csproj", "{7CF535DE-56A2-4ECF-8B0F-F4DECF0FF186}"
EndProject
Global
	GlobalSection(SolutionConfigurationPlatforms) = preSolution
		Debug|Any CPU = Debug|Any CPU
		Release|Any CPU = Release|Any CPU
	EndGlobalSection
	GlobalSection(ProjectConfigurationPlatforms) = postSolution
		{7CF535DE-56A2-4ECF-8B0F-F4DECF0FF186}.Debug|Any CPU.ActiveCfg = Debug|Any CPU
		{7CF535DE-56A2-4ECF-8B0F-F4DECF0FF186}.Debug|Any CPU.Build.0 = Debug|Any CPU
		{7CF535DE-56A2-4ECF-8B0F-F4DECF0FF186}.Release|Any CPU.ActiveCfg = Release|Any CPU
		{7CF535DE-56A2-4ECF-8B0F-F4DECF0FF186}.Release|Any CPU.Build.0 = Release|Any CPU
	EndGlobalSection
EndGlobal
